Microsoft Visual Studio Solution File, Format Version 12.00
# Visual Studio Version 16
VisualStudioVersion = 16.0.29201.188
MinimumVisualStudioVersion = 10.0.40219.1
Project("{2150E333-8FDC-42A3-9474-1A3956D46DE8}") = "scripts", "scripts", "{8D367435-27EC-4270-A65F-135989E11D7F}"
	ProjectSection(SolutionItems) = preProject
		.gitignore = .gitignore
		scripts\build.definition.yml = scripts\build.definition.yml
		scripts\coverage.bash = scripts\coverage.bash
		scripts\coverage.bat = scripts\coverage.bat
		scripts\migrations.bash = scripts\migrations.bash
		scripts\run_server.bash = scripts\run_server.bash
		scripts\run_server.bat = scripts\run_server.bat
		scripts\unittest.bash = scripts\unittest.bash
		scripts\componenttest.bash = scripts\componenttest.bash
		scripts\integrationtest.bash = scripts\integrationtest.bash
		scripts\alltest.bash = scripts\alltest.bash
	EndProjectSection
EndProject
Project("{2150E333-8FDC-42A3-9474-1A3956D46DE8}") = "src", "src", "{09B34A06-A407-451C-8C5F-59E16DBC89BB}"
EndProject
Project("{2150E333-8FDC-42A3-9474-1A3956D46DE8}") = "tests", "tests", "{FAB670B9-6AD8-4FBB-A128-1D98153488B2}"
EndProject
Project("{2150E333-8FDC-42A3-9474-1A3956D46DE8}") = "1. API", "1. API", "{FB79E3BE-A8F8-46B5-990A-5EFC0BE5FB82}"
EndProject
Project("{2150E333-8FDC-42A3-9474-1A3956D46DE8}") = "2. Components", "2. Components", "{EF44CE22-16DD-4510-A2BB-D12C7734A76B}"
EndProject
Project("{2150E333-8FDC-42A3-9474-1A3956D46DE8}") = "3. Core", "3. Core", "{A05A9DAE-0BF8-4F77-B351-2C5302EE10CF}"
EndProject
Project("{9A19103F-16F7-4668-BE54-9A1E7A4F7556}") = "Owlvey.Falcon.API", "src\Owlvey.Falcon.API\Owlvey.Falcon.API.csproj", "{F2399747-7C25-4DBB-8168-2DFAB8B2681B}"
EndProject
Project("{9A19103F-16F7-4668-BE54-9A1E7A4F7556}") = "Owlvey.Falcon.IntegrationTests", "tests\Owlvey.Falcon.IntegrationTests\Owlvey.Falcon.IntegrationTests.csproj", "{4D2F9142-5378-4E5F-BEA0-971D396CBCE2}"
EndProject
Project("{9A19103F-16F7-4668-BE54-9A1E7A4F7556}") = "Owlvey.Falcon.UnitTests", "tests\Owlvey.Falcon.UnitTests\Owlvey.Falcon.UnitTests.csproj", "{DA6EC552-212C-448C-B086-52E1BEF4021B}"
EndProject
Project("{9A19103F-16F7-4668-BE54-9A1E7A4F7556}") = "Owlvey.Falcon.Core", "src\Owlvey.Falcon.Core\Owlvey.Falcon.Core.csproj", "{0659119E-2E0A-4BDA-B8A0-E01AF2AA20DB}"
EndProject
Project("{9A19103F-16F7-4668-BE54-9A1E7A4F7556}") = "Owlvey.Falcon.Components", "src\Owlvey.Falcon.Components\Owlvey.Falcon.Components.csproj", "{ED92038B-805F-4186-93FB-7A4821352428}"
EndProject
Project("{9A19103F-16F7-4668-BE54-9A1E7A4F7556}") = "Owlvey.Falcon.ComponentsTests", "tests\Owlvey.Falcon.ComponentsTests\Owlvey.Falcon.ComponentsTests.csproj", "{C551127A-AF16-4B16-8A1D-5188B9FD12AF}"
EndProject
Project("{9A19103F-16F7-4668-BE54-9A1E7A4F7556}") = "Owlvey.Falcon.ManualTests", "tests\Owlvey.Falcon.ManualTests\Owlvey.Falcon.ManualTests.csproj", "{FDFC7D89-D7A7-4013-AE9F-17B11110F154}"
EndProject
Global
	GlobalSection(SolutionConfigurationPlatforms) = preSolution
		Debug|Any CPU = Debug|Any CPU
		Release|Any CPU = Release|Any CPU
	EndGlobalSection
	GlobalSection(ProjectConfigurationPlatforms) = postSolution
		{F2399747-7C25-4DBB-8168-2DFAB8B2681B}.Debug|Any CPU.ActiveCfg = Debug|Any CPU
		{F2399747-7C25-4DBB-8168-2DFAB8B2681B}.Debug|Any CPU.Build.0 = Debug|Any CPU
		{F2399747-7C25-4DBB-8168-2DFAB8B2681B}.Release|Any CPU.ActiveCfg = Release|Any CPU
		{F2399747-7C25-4DBB-8168-2DFAB8B2681B}.Release|Any CPU.Build.0 = Release|Any CPU
		{4D2F9142-5378-4E5F-BEA0-971D396CBCE2}.Debug|Any CPU.ActiveCfg = Debug|Any CPU
		{4D2F9142-5378-4E5F-BEA0-971D396CBCE2}.Debug|Any CPU.Build.0 = Debug|Any CPU
		{4D2F9142-5378-4E5F-BEA0-971D396CBCE2}.Release|Any CPU.ActiveCfg = Release|Any CPU
		{4D2F9142-5378-4E5F-BEA0-971D396CBCE2}.Release|Any CPU.Build.0 = Release|Any CPU
		{DA6EC552-212C-448C-B086-52E1BEF4021B}.Debug|Any CPU.ActiveCfg = Debug|Any CPU
		{DA6EC552-212C-448C-B086-52E1BEF4021B}.Debug|Any CPU.Build.0 = Debug|Any CPU
		{DA6EC552-212C-448C-B086-52E1BEF4021B}.Release|Any CPU.ActiveCfg = Release|Any CPU
		{DA6EC552-212C-448C-B086-52E1BEF4021B}.Release|Any CPU.Build.0 = Release|Any CPU
		{0659119E-2E0A-4BDA-B8A0-E01AF2AA20DB}.Debug|Any CPU.ActiveCfg = Debug|Any CPU
		{0659119E-2E0A-4BDA-B8A0-E01AF2AA20DB}.Debug|Any CPU.Build.0 = Debug|Any CPU
		{0659119E-2E0A-4BDA-B8A0-E01AF2AA20DB}.Release|Any CPU.ActiveCfg = Release|Any CPU
		{0659119E-2E0A-4BDA-B8A0-E01AF2AA20DB}.Release|Any CPU.Build.0 = Release|Any CPU
		{ED92038B-805F-4186-93FB-7A4821352428}.Debug|Any CPU.ActiveCfg = Debug|Any CPU
		{ED92038B-805F-4186-93FB-7A4821352428}.Debug|Any CPU.Build.0 = Debug|Any CPU
		{ED92038B-805F-4186-93FB-7A4821352428}.Release|Any CPU.ActiveCfg = Release|Any CPU
		{ED92038B-805F-4186-93FB-7A4821352428}.Release|Any CPU.Build.0 = Release|Any CPU
		{C551127A-AF16-4B16-8A1D-5188B9FD12AF}.Debug|Any CPU.ActiveCfg = Debug|Any CPU
		{C551127A-AF16-4B16-8A1D-5188B9FD12AF}.Debug|Any CPU.Build.0 = Debug|Any CPU
		{C551127A-AF16-4B16-8A1D-5188B9FD12AF}.Release|Any CPU.ActiveCfg = Release|Any CPU
		{C551127A-AF16-4B16-8A1D-5188B9FD12AF}.Release|Any CPU.Build.0 = Release|Any CPU
		{FDFC7D89-D7A7-4013-AE9F-17B11110F154}.Debug|Any CPU.ActiveCfg = Debug|Any CPU
		{FDFC7D89-D7A7-4013-AE9F-17B11110F154}.Debug|Any CPU.Build.0 = Debug|Any CPU
		{FDFC7D89-D7A7-4013-AE9F-17B11110F154}.Release|Any CPU.ActiveCfg = Release|Any CPU
		{FDFC7D89-D7A7-4013-AE9F-17B11110F154}.Release|Any CPU.Build.0 = Release|Any CPU
	EndGlobalSection
	GlobalSection(SolutionProperties) = preSolution
		HideSolutionNode = FALSE
	EndGlobalSection
	GlobalSection(NestedProjects) = preSolution
		{FB79E3BE-A8F8-46B5-990A-5EFC0BE5FB82} = {09B34A06-A407-451C-8C5F-59E16DBC89BB}
		{EF44CE22-16DD-4510-A2BB-D12C7734A76B} = {09B34A06-A407-451C-8C5F-59E16DBC89BB}
		{A05A9DAE-0BF8-4F77-B351-2C5302EE10CF} = {09B34A06-A407-451C-8C5F-59E16DBC89BB}
		{F2399747-7C25-4DBB-8168-2DFAB8B2681B} = {FB79E3BE-A8F8-46B5-990A-5EFC0BE5FB82}
		{4D2F9142-5378-4E5F-BEA0-971D396CBCE2} = {FAB670B9-6AD8-4FBB-A128-1D98153488B2}
		{DA6EC552-212C-448C-B086-52E1BEF4021B} = {FAB670B9-6AD8-4FBB-A128-1D98153488B2}
		{0659119E-2E0A-4BDA-B8A0-E01AF2AA20DB} = {A05A9DAE-0BF8-4F77-B351-2C5302EE10CF}
		{ED92038B-805F-4186-93FB-7A4821352428} = {EF44CE22-16DD-4510-A2BB-D12C7734A76B}
		{C551127A-AF16-4B16-8A1D-5188B9FD12AF} = {FAB670B9-6AD8-4FBB-A128-1D98153488B2}
		{FDFC7D89-D7A7-4013-AE9F-17B11110F154} = {FAB670B9-6AD8-4FBB-A128-1D98153488B2}
	EndGlobalSection
	GlobalSection(ExtensibilityGlobals) = postSolution
		SolutionGuid = {BD993390-77A7-4442-9BA6-842A755ADD53}
	EndGlobalSection
EndGlobal
